
Microsoft Visual Studio Solution File, Format Version 12.00
# Visual Studio Version 17
VisualStudioVersion = 17.14.36202.13 d17.14
MinimumVisualStudioVersion = 10.0.40219.1
Project("{FAE04EC0-301F-11D3-BF4B-00C04F79EFBC}") = "AquaFarmApp", "AquaFarmApp\AquaFarmApp.csproj", "{00E09F7D-5E1D-4A72-8B7E-1E631715A6B6}"
EndProject
Global
	GlobalSection(SolutionConfigurationPlatforms) = preSolution
		Debug|Any CPU = Debug|Any CPU
		Release|Any CPU = Release|Any CPU
	EndGlobalSection
	GlobalSection(ProjectConfigurationPlatforms) = postSolution
		{00E09F7D-5E1D-4A72-8B7E-1E631715A6B6}.Debug|Any CPU.ActiveCfg = Debug|Any CPU
		{00E09F7D-5E1D-4A72-8B7E-1E631715A6B6}.Debug|Any CPU.Build.0 = Debug|Any CPU
		{00E09F7D-5E1D-4A72-8B7E-1E631715A6B6}.Release|Any CPU.ActiveCfg = Release|Any CPU
		{00E09F7D-5E1D-4A72-8B7E-1E631715A6B6}.Release|Any CPU.Build.0 = Release|Any CPU
	EndGlobalSection
	GlobalSection(SolutionProperties) = preSolution
		HideSolutionNode = FALSE
	EndGlobalSection
	GlobalSection(ExtensibilityGlobals) = postSolution
		SolutionGuid = {48229BF7-7A68-4C89-B3CD-58A80A9B34C6}
	EndGlobalSection
EndGlobal
